// !$*UTF8*$!
{
	archiveVersion = 1;
	classes = {
	};
	objectVersion = 55;
	objects = {

/* Begin PBXBuildFile section */
		2588C9082A08F420002F7EC7 /* AppDelegate.swift in Sources */ = {isa = PBXBuildFile; fileRef = 2588C9072A08F420002F7EC7 /* AppDelegate.swift */; };
		2588C90A2A08F420002F7EC7 /* SceneDelegate.swift in Sources */ = {isa = PBXBuildFile; fileRef = 2588C9092A08F420002F7EC7 /* SceneDelegate.swift */; };
		2588C90C2A08F420002F7EC7 /* ViewController.swift in Sources */ = {isa = PBXBuildFile; fileRef = 2588C90B2A08F420002F7EC7 /* ViewController.swift */; };
		2588C90F2A08F420002F7EC7 /* Main.storyboard in Resources */ = {isa = PBXBuildFile; fileRef = 2588C90D2A08F420002F7EC7 /* Main.storyboard */; };
		2588C9112A08F422002F7EC7 /* Assets.xcassets in Resources */ = {isa = PBXBuildFile; fileRef = 2588C9102A08F422002F7EC7 /* Assets.xcassets */; };
		2588C9142A08F422002F7EC7 /* LaunchScreen.storyboard in Resources */ = {isa = PBXBuildFile; fileRef = 2588C9122A08F422002F7EC7 /* LaunchScreen.storyboard */; };
		2588C91F2A08F422002F7EC7 /* CollectionViewTableTests.swift in Sources */ = {isa = PBXBuildFile; fileRef = 2588C91E2A08F422002F7EC7 /* CollectionViewTableTests.swift */; };
		2588C9292A08F422002F7EC7 /* CollectionViewTableUITests.swift in Sources */ = {isa = PBXBuildFile; fileRef = 2588C9282A08F422002F7EC7 /* CollectionViewTableUITests.swift */; };
		2588C92B2A08F422002F7EC7 /* CollectionViewTableUITestsLaunchTests.swift in Sources */ = {isa = PBXBuildFile; fileRef = 2588C92A2A08F422002F7EC7 /* CollectionViewTableUITestsLaunchTests.swift */; };
/* End PBXBuildFile section */

/* Begin PBXContainerItemProxy section */
		2588C91B2A08F422002F7EC7 /* PBXContainerItemProxy */ = {
			isa = PBXContainerItemProxy;
			containerPortal = 2588C8FC2A08F420002F7EC7 /* Project object */;
			proxyType = 1;
			remoteGlobalIDString = 2588C9032A08F420002F7EC7;
			remoteInfo = CollectionViewTable;
		};
		2588C9252A08F422002F7EC7 /* PBXContainerItemProxy */ = {
			isa = PBXContainerItemProxy;
			containerPortal = 2588C8FC2A08F420002F7EC7 /* Project object */;
			proxyType = 1;
			remoteGlobalIDString = 2588C9032A08F420002F7EC7;
			remoteInfo = CollectionViewTable;
		};
/* End PBXContainerItemProxy section */

/* Begin PBXFileReference section */
		2588C9042A08F420002F7EC7 /* CollectionViewTable.app */ = {isa = PBXFileReference; explicitFileType = wrapper.application; includeInIndex = 0; path = CollectionViewTable.app; sourceTree = BUILT_PRODUCTS_DIR; };
		2588C9072A08F420002F7EC7 /* AppDelegate.swift */ = {isa = PBXFileReference; lastKnownFileType = sourcecode.swift; path = AppDelegate.swift; sourceTree = "<group>"; };
		2588C9092A08F420002F7EC7 /* SceneDelegate.swift */ = {isa = PBXFileReference; lastKnownFileType = sourcecode.swift; path = SceneDelegate.swift; sourceTree = "<group>"; };
		2588C90B2A08F420002F7EC7 /* ViewController.swift */ = {isa = PBXFileReference; lastKnownFileType = sourcecode.swift; path = ViewController.swift; sourceTree = "<group>"; };
		2588C90E2A08F420002F7EC7 /* Base */ = {isa = PBXFileReference; lastKnownFileType = file.storyboard; name = Base; path = Base.lproj/Main.storyboard; sourceTree = "<group>"; };
		2588C9102A08F422002F7EC7 /* Assets.xcassets */ = {isa = PBXFileReference; lastKnownFileType = folder.assetcatalog; path = Assets.xcassets; sourceTree = "<group>"; };
		2588C9132A08F422002F7EC7 /* Base */ = {isa = PBXFileReference; lastKnownFileType = file.storyboard; name = Base; path = Base.lproj/LaunchScreen.storyboard; sourceTree = "<group>"; };
		2588C9152A08F422002F7EC7 /* Info.plist */ = {isa = PBXFileReference; lastKnownFileType = text.plist.xml; path = Info.plist; sourceTree = "<group>"; };
		2588C91A2A08F422002F7EC7 /* CollectionViewTableTests.xctest */ = {isa = PBXFileReference; explicitFileType = wrapper.cfbundle; includeInIndex = 0; path = CollectionViewTableTests.xctest; sourceTree = BUILT_PRODUCTS_DIR; };
		2588C91E2A08F422002F7EC7 /* CollectionViewTableTests.swift */ = {isa = PBXFileReference; lastKnownFileType = sourcecode.swift; path = CollectionViewTableTests.swift; sourceTree = "<group>"; };
		2588C9242A08F422002F7EC7 /* CollectionViewTableUITests.xctest */ = {isa = PBXFileReference; explicitFileType = wrapper.cfbundle; includeInIndex = 0; path = CollectionViewTableUITests.xctest; sourceTree = BUILT_PRODUCTS_DIR; };
		2588C9282A08F422002F7EC7 /* CollectionViewTableUITests.swift */ = {isa = PBXFileReference; lastKnownFileType = sourcecode.swift; path = CollectionViewTableUITests.swift; sourceTree = "<group>"; };
		2588C92A2A08F422002F7EC7 /* CollectionViewTableUITestsLaunchTests.swift */ = {isa = PBXFileReference; lastKnownFileType = sourcecode.swift; path = CollectionViewTableUITestsLaunchTests.swift; sourceTree = "<group>"; };
/* End PBXFileReference section */

/* Begin PBXFrameworksBuildPhase section */
		2588C9012A08F420002F7EC7 /* Frameworks */ = {
			isa = PBXFrameworksBuildPhase;
			buildActionMask = 2147483647;
			files = (
			);
			runOnlyForDeploymentPostprocessing = 0;
		};
		2588C9172A08F422002F7EC7 /* Frameworks */ = {
			isa = PBXFrameworksBuildPhase;
			buildActionMask = 2147483647;
			files = (
			);
			runOnlyForDeploymentPostprocessing = 0;
		};
		2588C9212A08F422002F7EC7 /* Frameworks */ = {
			isa = PBXFrameworksBuildPhase;
			buildActionMask = 2147483647;
			files = (
			);
			runOnlyForDeploymentPostprocessing = 0;
		};
/* End PBXFrameworksBuildPhase section */

/* Begin PBXGroup section */
		2588C8FB2A08F420002F7EC7 = {
			isa = PBXGroup;
			children = (
				2588C9062A08F420002F7EC7 /* CollectionViewTable */,
				2588C91D2A08F422002F7EC7 /* CollectionViewTableTests */,
				2588C9272A08F422002F7EC7 /* CollectionViewTableUITests */,
				2588C9052A08F420002F7EC7 /* Products */,
			);
			sourceTree = "<group>";
		};
		2588C9052A08F420002F7EC7 /* Products */ = {
			isa = PBXGroup;
			children = (
				2588C9042A08F420002F7EC7 /* CollectionViewTable.app */,
				2588C91A2A08F422002F7EC7 /* CollectionViewTableTests.xctest */,
				2588C9242A08F422002F7EC7 /* CollectionViewTableUITests.xctest */,
			);
			name = Products;
			sourceTree = "<group>";
		};
		2588C9062A08F420002F7EC7 /* CollectionViewTable */ = {
			isa = PBXGroup;
			children = (
				2588C9072A08F420002F7EC7 /* AppDelegate.swift */,
				2588C9092A08F420002F7EC7 /* SceneDelegate.swift */,
				2588C90B2A08F420002F7EC7 /* ViewController.swift */,
				2588C90D2A08F420002F7EC7 /* Main.storyboard */,
				2588C9102A08F422002F7EC7 /* Assets.xcassets */,
				2588C9122A08F422002F7EC7 /* LaunchScreen.storyboard */,
				2588C9152A08F422002F7EC7 /* Info.plist */,
			);
			path = CollectionViewTable;
			sourceTree = "<group>";
		};
		2588C91D2A08F422002F7EC7 /* CollectionViewTableTests */ = {
			isa = PBXGroup;
			children = (
				2588C91E2A08F422002F7EC7 /* CollectionViewTableTests.swift */,
			);
			path = CollectionViewTableTests;
			sourceTree = "<group>";
		};
		2588C9272A08F422002F7EC7 /* CollectionViewTableUITests */ = {
			isa = PBXGroup;
			children = (
				2588C9282A08F422002F7EC7 /* CollectionViewTableUITests.swift */,
				2588C92A2A08F422002F7EC7 /* CollectionViewTableUITestsLaunchTests.swift */,
			);
			path = CollectionViewTableUITests;
			sourceTree = "<group>";
		};
/* End PBXGroup section */

/* Begin PBXNativeTarget section */
		2588C9032A08F420002F7EC7 /* CollectionViewTable */ = {
			isa = PBXNativeTarget;
			buildConfigurationList = 2588C92E2A08F422002F7EC7 /* Build configuration list for PBXNativeTarget "CollectionViewTable" */;
			buildPhases = (
				2588C9002A08F420002F7EC7 /* Sources */,
				2588C9012A08F420002F7EC7 /* Frameworks */,
				2588C9022A08F420002F7EC7 /* Resources */,
			);
			buildRules = (
			);
			dependencies = (
			);
			name = CollectionViewTable;
			productName = CollectionViewTable;
			productReference = 2588C9042A08F420002F7EC7 /* CollectionViewTable.app */;
			productType = "com.apple.product-type.application";
		};
		2588C9192A08F422002F7EC7 /* CollectionViewTableTests */ = {
			isa = PBXNativeTarget;
			buildConfigurationList = 2588C9312A08F422002F7EC7 /* Build configuration list for PBXNativeTarget "CollectionViewTableTests" */;
			buildPhases = (
				2588C9162A08F422002F7EC7 /* Sources */,
				2588C9172A08F422002F7EC7 /* Frameworks */,
				2588C9182A08F422002F7EC7 /* Resources */,
			);
			buildRules = (
			);
			dependencies = (
				2588C91C2A08F422002F7EC7 /* PBXTargetDependency */,
			);
			name = CollectionViewTableTests;
			productName = CollectionViewTableTests;
			productReference = 2588C91A2A08F422002F7EC7 /* CollectionViewTableTests.xctest */;
			productType = "com.apple.product-type.bundle.unit-test";
		};
		2588C9232A08F422002F7EC7 /* CollectionViewTableUITests */ = {
			isa = PBXNativeTarget;
			buildConfigurationList = 2588C9342A08F422002F7EC7 /* Build configuration list for PBXNativeTarget "CollectionViewTableUITests" */;
			buildPhases = (
				2588C9202A08F422002F7EC7 /* Sources */,
				2588C9212A08F422002F7EC7 /* Frameworks */,
				2588C9222A08F422002F7EC7 /* Resources */,
			);
			buildRules = (
			);
			dependencies = (
				2588C9262A08F422002F7EC7 /* PBXTargetDependency */,
			);
			name = CollectionViewTableUITests;
			productName = CollectionViewTableUITests;
			productReference = 2588C9242A08F422002F7EC7 /* CollectionViewTableUITests.xctest */;
			productType = "com.apple.product-type.bundle.ui-testing";
		};
/* End PBXNativeTarget section */

/* Begin PBXProject section */
		2588C8FC2A08F420002F7EC7 /* Project object */ = {
			isa = PBXProject;
			attributes = {
				BuildIndependentTargetsInParallel = 1;
				LastSwiftUpdateCheck = 1310;
				LastUpgradeCheck = 1310;
				TargetAttributes = {
					2588C9032A08F420002F7EC7 = {
						CreatedOnToolsVersion = 13.1;
					};
					2588C9192A08F422002F7EC7 = {
						CreatedOnToolsVersion = 13.1;
						TestTargetID = 2588C9032A08F420002F7EC7;
					};
					2588C9232A08F422002F7EC7 = {
						CreatedOnToolsVersion = 13.1;
						TestTargetID = 2588C9032A08F420002F7EC7;
					};
				};
			};
			buildConfigurationList = 2588C8FF2A08F420002F7EC7 /* Build configuration list for PBXProject "CollectionViewTable" */;
			compatibilityVersion = "Xcode 13.0";
			developmentRegion = en;
			hasScannedForEncodings = 0;
			knownRegions = (
				en,
				Base,
			);
			mainGroup = 2588C8FB2A08F420002F7EC7;
			productRefGroup = 2588C9052A08F420002F7EC7 /* Products */;
			projectDirPath = "";
			projectRoot = "";
			targets = (
				2588C9032A08F420002F7EC7 /* CollectionViewTable */,
				2588C9192A08F422002F7EC7 /* CollectionViewTableTests */,
				2588C9232A08F422002F7EC7 /* CollectionViewTableUITests */,
			);
		};
/* End PBXProject section */

/* Begin PBXResourcesBuildPhase section */
		2588C9022A08F420002F7EC7 /* Resources */ = {
			isa = PBXResourcesBuildPhase;
			buildActionMask = 2147483647;
			files = (
				2588C9142A08F422002F7EC7 /* LaunchScreen.storyboard in Resources */,
				2588C9112A08F422002F7EC7 /* Assets.xcassets in Resources */,
				2588C90F2A08F420002F7EC7 /* Main.storyboard in Resources */,
			);
			runOnlyForDeploymentPostprocessing = 0;
		};
		2588C9182A08F422002F7EC7 /* Resources */ = {
			isa = PBXResourcesBuildPhase;
			buildActionMask = 2147483647;
			files = (
			);
			runOnlyForDeploymentPostprocessing = 0;
		};
		2588C9222A08F422002F7EC7 /* Resources */ = {
			isa = PBXResourcesBuildPhase;
			buildActionMask = 2147483647;
			files = (
			);
			runOnlyForDeploymentPostprocessing = 0;
		};
/* End PBXResourcesBuildPhase section */

/* Begin PBXSourcesBuildPhase section */
		2588C9002A08F420002F7EC7 /* Sources */ = {
			isa = PBXSourcesBuildPhase;
			buildActionMask = 2147483647;
			files = (
				2588C90C2A08F420002F7EC7 /* ViewController.swift in Sources */,
				2588C9082A08F420002F7EC7 /* AppDelegate.swift in Sources */,
				2588C90A2A08F420002F7EC7 /* SceneDelegate.swift in Sources */,
			);
			runOnlyForDeploymentPostprocessing = 0;
		};
		2588C9162A08F422002F7EC7 /* Sources */ = {
			isa = PBXSourcesBuildPhase;
			buildActionMask = 2147483647;
			files = (
				2588C91F2A08F422002F7EC7 /* CollectionViewTableTests.swift in Sources */,
			);
			runOnlyForDeploymentPostprocessing = 0;
		};
		2588C9202A08F422002F7EC7 /* Sources */ = {
			isa = PBXSourcesBuildPhase;
			buildActionMask = 2147483647;
			files = (
				2588C92B2A08F422002F7EC7 /* CollectionViewTableUITestsLaunchTests.swift in Sources */,
				2588C9292A08F422002F7EC7 /* CollectionViewTableUITests.swift in Sources */,
			);
			runOnlyForDeploymentPostprocessing = 0;
		};
/* End PBXSourcesBuildPhase section */

/* Begin PBXTargetDependency section */
		2588C91C2A08F422002F7EC7 /* PBXTargetDependency */ = {
			isa = PBXTargetDependency;
			target = 2588C9032A08F420002F7EC7 /* CollectionViewTable */;
			targetProxy = 2588C91B2A08F422002F7EC7 /* PBXContainerItemProxy */;
		};
		2588C9262A08F422002F7EC7 /* PBXTargetDependency */ = {
			isa = PBXTargetDependency;
			target = 2588C9032A08F420002F7EC7 /* CollectionViewTable */;
			targetProxy = 2588C9252A08F422002F7EC7 /* PBXContainerItemProxy */;
		};
/* End PBXTargetDependency section */

/* Begin PBXVariantGroup section */
		2588C90D2A08F420002F7EC7 /* Main.storyboard */ = {
			isa = PBXVariantGroup;
			children = (
				2588C90E2A08F420002F7EC7 /* Base */,
			);
			name = Main.storyboard;
			sourceTree = "<group>";
		};
		2588C9122A08F422002F7EC7 /* LaunchScreen.storyboard */ = {
			isa = PBXVariantGroup;
			children = (
				2588C9132A08F422002F7EC7 /* Base */,
			);
			name = LaunchScreen.storyboard;
			sourceTree = "<group>";
		};
/* End PBXVariantGroup section */

/* Begin XCBuildConfiguration section */
		2588C92C2A08F422002F7EC7 /* Debug */ = {
			isa = XCBuildConfiguration;
			buildSettings = {
				ALWAYS_SEARCH_USER_PATHS = NO;
				CLANG_ANALYZER_NONNULL = YES;
				CLANG_ANALYZER_NUMBER_OBJECT_CONVERSION = YES_AGGRESSIVE;
				CLANG_CXX_LANGUAGE_STANDARD = "gnu++17";
				CLANG_CXX_LIBRARY = "libc++";
				CLANG_ENABLE_MODULES = YES;
				CLANG_ENABLE_OBJC_ARC = YES;
				CLANG_ENABLE_OBJC_WEAK = YES;
				CLANG_WARN_BLOCK_CAPTURE_AUTORELEASING = YES;
				CLANG_WARN_BOOL_CONVERSION = YES;
				CLANG_WARN_COMMA = YES;
				CLANG_WARN_CONSTANT_CONVERSION = YES;
				CLANG_WARN_DEPRECATED_OBJC_IMPLEMENTATIONS = YES;
				CLANG_WARN_DIRECT_OBJC_ISA_USAGE = YES_ERROR;
				CLANG_WARN_DOCUMENTATION_COMMENTS = YES;
				CLANG_WARN_EMPTY_BODY = YES;
				CLANG_WARN_ENUM_CONVERSION = YES;
				CLANG_WARN_INFINITE_RECURSION = YES;
				CLANG_WARN_INT_CONVERSION = YES;
				CLANG_WARN_NON_LITERAL_NULL_CONVERSION = YES;
				CLANG_WARN_OBJC_IMPLICIT_RETAIN_SELF = YES;
				CLANG_WARN_OBJC_LITERAL_CONVERSION = YES;
				CLANG_WARN_OBJC_ROOT_CLASS = YES_ERROR;
				CLANG_WARN_QUOTED_INCLUDE_IN_FRAMEWORK_HEADER = YES;
				CLANG_WARN_RANGE_LOOP_ANALYSIS = YES;
				CLANG_WARN_STRICT_PROTOTYPES = YES;
				CLANG_WARN_SUSPICIOUS_MOVE = YES;
				CLANG_WARN_UNGUARDED_AVAILABILITY = YES_AGGRESSIVE;
				CLANG_WARN_UNREACHABLE_CODE = YES;
				CLANG_WARN__DUPLICATE_METHOD_MATCH = YES;
				COPY_PHASE_STRIP = NO;
				DEBUG_INFORMATION_FORMAT = dwarf;
				ENABLE_STRICT_OBJC_MSGSEND = YES;
				ENABLE_TESTABILITY = YES;
				GCC_C_LANGUAGE_STANDARD = gnu11;
				GCC_DYNAMIC_NO_PIC = NO;
				GCC_NO_COMMON_BLOCKS = YES;
				GCC_OPTIMIZATION_LEVEL = 0;
				GCC_PREPROCESSOR_DEFINITIONS = (
					"DEBUG=1",
					"$(inherited)",
				);
				GCC_WARN_64_TO_32_BIT_CONVERSION = YES;
				GCC_WARN_ABOUT_RETURN_TYPE = YES_ERROR;
				GCC_WARN_UNDECLARED_SELECTOR = YES;
				GCC_WARN_UNINITIALIZED_AUTOS = YES_AGGRESSIVE;
				GCC_WARN_UNUSED_FUNCTION = YES;
				GCC_WARN_UNUSED_VARIABLE = YES;
				IPHONEOS_DEPLOYMENT_TARGET = 15.0;
				MTL_ENABLE_DEBUG_INFO = INCLUDE_SOURCE;
				MTL_FAST_MATH = YES;
				ONLY_ACTIVE_ARCH = YES;
				SDKROOT = iphoneos;
				SWIFT_ACTIVE_COMPILATION_CONDITIONS = DEBUG;
				SWIFT_OPTIMIZATION_LEVEL = "-Onone";
			};
			name = Debug;
		};
		2588C92D2A08F422002F7EC7 /* Release */ = {
			isa = XCBuildConfiguration;
			buildSettings = {
				ALWAYS_SEARCH_USER_PATHS = NO;
				CLANG_ANALYZER_NONNULL = YES;
				CLANG_ANALYZER_NUMBER_OBJECT_CONVERSION = YES_AGGRESSIVE;
				CLANG_CXX_LANGUAGE_STANDARD = "gnu++17";
				CLANG_CXX_LIBRARY = "libc++";
				CLANG_ENABLE_MODULES = YES;
				CLANG_ENABLE_OBJC_ARC = YES;
				CLANG_ENABLE_OBJC_WEAK = YES;
				CLANG_WARN_BLOCK_CAPTURE_AUTORELEASING = YES;
				CLANG_WARN_BOOL_CONVERSION = YES;
				CLANG_WARN_COMMA = YES;
				CLANG_WARN_CONSTANT_CONVERSION = YES;
				CLANG_WARN_DEPRECATED_OBJC_IMPLEMENTATIONS = YES;
				CLANG_WARN_DIRECT_OBJC_ISA_USAGE = YES_ERROR;
				CLANG_WARN_DOCUMENTATION_COMMENTS = YES;
				CLANG_WARN_EMPTY_BODY = YES;
				CLANG_WARN_ENUM_CONVERSION = YES;
				CLANG_WARN_INFINITE_RECURSION = YES;
				CLANG_WARN_INT_CONVERSION = YES;
				CLANG_WARN_NON_LITERAL_NULL_CONVERSION = YES;
				CLANG_WARN_OBJC_IMPLICIT_RETAIN_SELF = YES;
				CLANG_WARN_OBJC_LITERAL_CONVERSION = YES;
				CLANG_WARN_OBJC_ROOT_CLASS = YES_ERROR;
				CLANG_WARN_QUOTED_INCLUDE_IN_FRAMEWORK_HEADER = YES;
				CLANG_WARN_RANGE_LOOP_ANALYSIS = YES;
				CLANG_WARN_STRICT_PROTOTYPES = YES;
				CLANG_WARN_SUSPICIOUS_MOVE = YES;
				CLANG_WARN_UNGUARDED_AVAILABILITY = YES_AGGRESSIVE;
				CLANG_WARN_UNREACHABLE_CODE = YES;
				CLANG_WARN__DUPLICATE_METHOD_MATCH = YES;
				COPY_PHASE_STRIP = NO;
				DEBUG_INFORMATION_FORMAT = "dwarf-with-dsym";
				ENABLE_NS_ASSERTIONS = NO;
				ENABLE_STRICT_OBJC_MSGSEND = YES;
				GCC_C_LANGUAGE_STANDARD = gnu11;
				GCC_NO_COMMON_BLOCKS = YES;
				GCC_WARN_64_TO_32_BIT_CONVERSION = YES;
				GCC_WARN_ABOUT_RETURN_TYPE = YES_ERROR;
				GCC_WARN_UNDECLARED_SELECTOR = YES;
				GCC_WARN_UNINITIALIZED_AUTOS = YES_AGGRESSIVE;
				GCC_WARN_UNUSED_FUNCTION = YES;
				GCC_WARN_UNUSED_VARIABLE = YES;
				IPHONEOS_DEPLOYMENT_TARGET = 15.0;
				MTL_ENABLE_DEBUG_INFO = NO;
				MTL_FAST_MATH = YES;
				SDKROOT = iphoneos;
				SWIFT_COMPILATION_MODE = wholemodule;
				SWIFT_OPTIMIZATION_LEVEL = "-O";
				VALIDATE_PRODUCT = YES;
			};
			name = Release;
		};
		2588C92F2A08F422002F7EC7 /* Debug */ = {
			isa = XCBuildConfiguration;
			buildSettings = {
				ASSETCATALOG_COMPILER_APPICON_NAME = AppIcon;
				ASSETCATALOG_COMPILER_GLOBAL_ACCENT_COLOR_NAME = AccentColor;
				CODE_SIGN_STYLE = Automatic;
				CURRENT_PROJECT_VERSION = 1;
				DEVELOPMENT_TEAM = 3K452862FK;
				GENERATE_INFOPLIST_FILE = YES;
				INFOPLIST_FILE = CollectionViewTable/Info.plist;
				INFOPLIST_KEY_UIApplicationSupportsIndirectInputEvents = YES;
				INFOPLIST_KEY_UILaunchStoryboardName = LaunchScreen;
				INFOPLIST_KEY_UIMainStoryboardFile = Main;
				INFOPLIST_KEY_UISupportedInterfaceOrientations_iPad = "UIInterfaceOrientationPortrait UIInterfaceOrientationPortraitUpsideDown UIInterfaceOrientationLandscapeLeft UIInterfaceOrientationLandscapeRight";
				INFOPLIST_KEY_UISupportedInterfaceOrientations_iPhone = "UIInterfaceOrientationPortrait UIInterfaceOrientationLandscapeLeft UIInterfaceOrientationLandscapeRight";
				LD_RUNPATH_SEARCH_PATHS = (
					"$(inherited)",
					"@executable_path/Frameworks",
				);
				MARKETING_VERSION = 1.0;
				PRODUCT_BUNDLE_IDENTIFIER = com.tht.CollectionViewTable;
				PRODUCT_NAME = "$(TARGET_NAME)";
				SWIFT_EMIT_LOC_STRINGS = YES;
				SWIFT_VERSION = 5.0;
				TARGETED_DEVICE_FAMILY = "1,2";
			};
			name = Debug;
		};
		2588C9302A08F422002F7EC7 /* Release */ = {
			isa = XCBuildConfiguration;
			buildSettings = {
				ASSETCATALOG_COMPILER_APPICON_NAME = AppIcon;
				ASSETCATALOG_COMPILER_GLOBAL_ACCENT_COLOR_NAME = AccentColor;
				CODE_SIGN_STYLE = Automatic;
				CURRENT_PROJECT_VERSION = 1;
				DEVELOPMENT_TEAM = 3K452862FK;
				GENERATE_INFOPLIST_FILE = YES;
				INFOPLIST_FILE = CollectionViewTable/Info.plist;
				INFOPLIST_KEY_UIApplicationSupportsIndirectInputEvents = YES;
				INFOPLIST_KEY_UILaunchStoryboardName = LaunchScreen;
				INFOPLIST_KEY_UIMainStoryboardFile = Main;
				INFOPLIST_KEY_UISupportedInterfaceOrientations_iPad = "UIInterfaceOrientationPortrait UIInterfaceOrientationPortraitUpsideDown UIInterfaceOrientationLandscapeLeft UIInterfaceOrientationLandscapeRight";
				INFOPLIST_KEY_UISupportedInterfaceOrientations_iPhone = "UIInterfaceOrientationPortrait UIInterfaceOrientationLandscapeLeft UIInterfaceOrientationLandscapeRight";
				LD_RUNPATH_SEARCH_PATHS = (
					"$(inherited)",
					"@executable_path/Frameworks",
				);
				MARKETING_VERSION = 1.0;
				PRODUCT_BUNDLE_IDENTIFIER = com.tht.CollectionViewTable;
				PRODUCT_NAME = "$(TARGET_NAME)";
				SWIFT_EMIT_LOC_STRINGS = YES;
				SWIFT_VERSION = 5.0;
				TARGETED_DEVICE_FAMILY = "1,2";
			};
			name = Release;
		};
		2588C9322A08F422002F7EC7 /* Debug */ = {
			isa = XCBuildConfiguration;
			buildSettings = {
				ALWAYS_EMBED_SWIFT_STANDARD_LIBRARIES = YES;
				BUNDLE_LOADER = "$(TEST_HOST)";
				CODE_SIGN_STYLE = Automatic;
				CURRENT_PROJECT_VERSION = 1;
				DEVELOPMENT_TEAM = 3K452862FK;
				GENERATE_INFOPLIST_FILE = YES;
				IPHONEOS_DEPLOYMENT_TARGET = 15.0;
				LD_RUNPATH_SEARCH_PATHS = (
					"$(inherited)",
					"@executable_path/Frameworks",
					"@loader_path/Frameworks",
				);
				MARKETING_VERSION = 1.0;
				PRODUCT_BUNDLE_IDENTIFIER = com.tht.CollectionViewTableTests;
				PRODUCT_NAME = "$(TARGET_NAME)";
				SWIFT_EMIT_LOC_STRINGS = NO;
				SWIFT_VERSION = 5.0;
				TARGETED_DEVICE_FAMILY = "1,2";
				TEST_HOST = "$(BUILT_PRODUCTS_DIR)/CollectionViewTable.app/CollectionViewTable";
			};
			name = Debug;
		};
		2588C9332A08F422002F7EC7 /* Release */ = {
			isa = XCBuildConfiguration;
			buildSettings = {
				ALWAYS_EMBED_SWIFT_STANDARD_LIBRARIES = YES;
				BUNDLE_LOADER = "$(TEST_HOST)";
				CODE_SIGN_STYLE = Automatic;
				CURRENT_PROJECT_VERSION = 1;
				DEVELOPMENT_TEAM = 3K452862FK;
				GENERATE_INFOPLIST_FILE = YES;
				IPHONEOS_DEPLOYMENT_TARGET = 15.0;
				LD_RUNPATH_SEARCH_PATHS = (
					"$(inherited)",
					"@executable_path/Frameworks",
					"@loader_path/Frameworks",
				);
				MARKETING_VERSION = 1.0;
				PRODUCT_BUNDLE_IDENTIFIER = com.tht.CollectionViewTableTests;
				PRODUCT_NAME = "$(TARGET_NAME)";
				SWIFT_EMIT_LOC_STRINGS = NO;
				SWIFT_VERSION = 5.0;
				TARGETED_DEVICE_FAMILY = "1,2";
				TEST_HOST = "$(BUILT_PRODUCTS_DIR)/CollectionViewTable.app/CollectionViewTable";
			};
			name = Release;
		};
		2588C9352A08F422002F7EC7 /* Debug */ = {
			isa = XCBuildConfiguration;
			buildSettings = {
				ALWAYS_EMBED_SWIFT_STANDARD_LIBRARIES = YES;
				CODE_SIGN_STYLE = Automatic;
				CURRENT_PROJECT_VERSION = 1;
				DEVELOPMENT_TEAM = 3K452862FK;
				GENERATE_INFOPLIST_FILE = YES;
				LD_RUNPATH_SEARCH_PATHS = (
					"$(inherited)",
					"@executable_path/Frameworks",
					"@loader_path/Frameworks",
				);
				MARKETING_VERSION = 1.0;
				PRODUCT_BUNDLE_IDENTIFIER = com.tht.CollectionViewTableUITests;
				PRODUCT_NAME = "$(TARGET_NAME)";
				SWIFT_EMIT_LOC_STRINGS = NO;
				SWIFT_VERSION = 5.0;
				TARGETED_DEVICE_FAMILY = "1,2";
				TEST_TARGET_NAME = CollectionViewTable;
			};
			name = Debug;
		};
		2588C9362A08F422002F7EC7 /* Release */ = {
			isa = XCBuildConfiguration;
			buildSettings = {
				ALWAYS_EMBED_SWIFT_STANDARD_LIBRARIES = YES;
				CODE_SIGN_STYLE = Automatic;
				CURRENT_PROJECT_VERSION = 1;
				DEVELOPMENT_TEAM = 3K452862FK;
				GENERATE_INFOPLIST_FILE = YES;
				LD_RUNPATH_SEARCH_PATHS = (
					"$(inherited)",
					"@executable_path/Frameworks",
					"@loader_path/Frameworks",
				);
				MARKETING_VERSION = 1.0;
				PRODUCT_BUNDLE_IDENTIFIER = com.tht.CollectionViewTableUITests;
				PRODUCT_NAME = "$(TARGET_NAME)";
				SWIFT_EMIT_LOC_STRINGS = NO;
				SWIFT_VERSION = 5.0;
				TARGETED_DEVICE_FAMILY = "1,2";
				TEST_TARGET_NAME = CollectionViewTable;
			};
			name = Release;
		};
/* End XCBuildConfiguration section */

/* Begin XCConfigurationList section */
		2588C8FF2A08F420002F7EC7 /* Build configuration list for PBXProject "CollectionViewTable" */ = {
			isa = XCConfigurationList;
			buildConfigurations = (
				2588C92C2A08F422002F7EC7 /* Debug */,
				2588C92D2A08F422002F7EC7 /* Release */,
			);
			defaultConfigurationIsVisible = 0;
			defaultConfigurationName = Release;
		};
		2588C92E2A08F422002F7EC7 /* Build configuration list for PBXNativeTarget "CollectionViewTable" */ = {
			isa = XCConfigurationList;
			buildConfigurations = (
				2588C92F2A08F422002F7EC7 /* Debug */,
				2588C9302A08F422002F7EC7 /* Release */,
			);
			defaultConfigurationIsVisible = 0;
			defaultConfigurationName = Release;
		};
		2588C9312A08F422002F7EC7 /* Build configuration list for PBXNativeTarget "CollectionViewTableTests" */ = {
			isa = XCConfigurationList;
			buildConfigurations = (
				2588C9322A08F422002F7EC7 /* Debug */,
				2588C9332A08F422002F7EC7 /* Release */,
			);
			defaultConfigurationIsVisible = 0;
			defaultConfigurationName = Release;
		};
		2588C9342A08F422002F7EC7 /* Build configuration list for PBXNativeTarget "CollectionViewTableUITests" */ = {
			isa = XCConfigurationList;
			buildConfigurations = (
				2588C9352A08F422002F7EC7 /* Debug */,
				2588C9362A08F422002F7EC7 /* Release */,
			);
			defaultConfigurationIsVisible = 0;
			defaultConfigurationName = Release;
		};
/* End XCConfigurationList section */
	};
	rootObject = 2588C8FC2A08F420002F7EC7 /* Project object */;
}
